
Microsoft Visual Studio Solution File, Format Version 12.00
# Visual Studio Version 17
VisualStudioVersion = 17.8.34330.188
MinimumVisualStudioVersion = 10.0.40219.1
Project("{FAE04EC0-301F-11D3-BF4B-00C04F79EFBC}") = "Lab04", "Lab04\Lab04.csproj", "{17654FF1-F691-4DDE-9DF9-90836D5E8B53}"
EndProject
Global
	GlobalSection(SolutionConfigurationPlatforms) = preSolution
		Debug|Any CPU = Debug|Any CPU
		Release|Any CPU = Release|Any CPU
	EndGlobalSection
	GlobalSection(ProjectConfigurationPlatforms) = postSolution
		{17654FF1-F691-4DDE-9DF9-90836D5E8B53}.Debug|Any CPU.ActiveCfg = Debug|Any CPU
		{17654FF1-F691-4DDE-9DF9-90836D5E8B53}.Debug|Any CPU.Build.0 = Debug|Any CPU
		{17654FF1-F691-4DDE-9DF9-90836D5E8B53}.Release|Any CPU.ActiveCfg = Release|Any CPU
		{17654FF1-F691-4DDE-9DF9-90836D5E8B53}.Release|Any CPU.Build.0 = Release|Any CPU
	EndGlobalSection
	GlobalSection(SolutionProperties) = preSolution
		HideSolutionNode = FALSE
	EndGlobalSection
	GlobalSection(ExtensibilityGlobals) = postSolution
		SolutionGuid = {0006C24A-DC8D-48C4-84BA-95FC22EA8ADD}
	EndGlobalSection
EndGlobal
